
Microsoft Visual Studio Solution File, Format Version 12.00
# Visual Studio Version 17
VisualStudioVersion = 17.2.32519.379
MinimumVisualStudioVersion = 10.0.40219.1
Project("{FAE04EC0-301F-11D3-BF4B-00C04F79EFBC}") = "Parser", "Parser\Parser.csproj", "{34A57AAF-22DF-4687-BC81-82082653199E}"
EndProject
Project("{FAE04EC0-301F-11D3-BF4B-00C04F79EFBC}") = "DbCommunicationLibrary", "DbCommunicationLibrary\DbCommunicationLibrary.csproj", "{BE60B0FD-94B6-4F29-83BD-9D85092EFC74}"
EndProject
Global
	GlobalSection(SolutionConfigurationPlatforms) = preSolution
		Debug|Any CPU = Debug|Any CPU
		Release|Any CPU = Release|Any CPU
	EndGlobalSection
	GlobalSection(ProjectConfigurationPlatforms) = postSolution
		{34A57AAF-22DF-4687-BC81-82082653199E}.Debug|Any CPU.ActiveCfg = Debug|Any CPU
		{34A57AAF-22DF-4687-BC81-82082653199E}.Debug|Any CPU.Build.0 = Debug|Any CPU
		{34A57AAF-22DF-4687-BC81-82082653199E}.Release|Any CPU.ActiveCfg = Release|Any CPU
		{34A57AAF-22DF-4687-BC81-82082653199E}.Release|Any CPU.Build.0 = Release|Any CPU
		{BE60B0FD-94B6-4F29-83BD-9D85092EFC74}.Debug|Any CPU.ActiveCfg = Debug|Any CPU
		{BE60B0FD-94B6-4F29-83BD-9D85092EFC74}.Debug|Any CPU.Build.0 = Debug|Any CPU
		{BE60B0FD-94B6-4F29-83BD-9D85092EFC74}.Release|Any CPU.ActiveCfg = Release|Any CPU
		{BE60B0FD-94B6-4F29-83BD-9D85092EFC74}.Release|Any CPU.Build.0 = Release|Any CPU
	EndGlobalSection
	GlobalSection(SolutionProperties) = preSolution
		HideSolutionNode = FALSE
	EndGlobalSection
	GlobalSection(ExtensibilityGlobals) = postSolution
		SolutionGuid = {B06835A2-E9FA-4B52-BC0D-B14B6741C51B}
	EndGlobalSection
EndGlobal
